{
  "name": "muubox",
  "version": "0.0.0",
  "lockfileVersion": 1,
  "dependencies": {
    "md2": {
      "version": "0.0.25",
      "resolved": "https://registry.npmjs.org/md2/-/md2-0.0.25.tgz",
      "integrity": "sha512-NRhnakBjYWwGZE27pDznR0kNKSIzXRPgtpIr7oW/LRKDhBtuQjsXUdMR2Z6I8NovqNaDnYfiguZ/ocBj86l0jg=="
    }
  }
}
